
Microsoft Visual Studio Solution File, Format Version 12.00
# Visual Studio Version 17
VisualStudioVersion = 17.0.31903.59
MinimumVisualStudioVersion = 10.0.40219.1
Project("{FAE04EC0-301F-11D3-BF4B-00C04F79EFBC}") = "CalculadoraTests", "CalculadoraTests\CalculadoraTests.csproj", "{4016F3ED-20EA-49B2-AD6E-DB9CEED18FFC}"
EndProject
Project("{FAE04EC0-301F-11D3-BF4B-00C04F79EFBC}") = "Calculadora", "Calculadora\Calculadora.csproj", "{C6AB585D-EEDA-4DF1-9146-96A70A85E455}"
EndProject
Global
	GlobalSection(SolutionConfigurationPlatforms) = preSolution
		Debug|Any CPU = Debug|Any CPU
		Release|Any CPU = Release|Any CPU
	EndGlobalSection
	GlobalSection(SolutionProperties) = preSolution
		HideSolutionNode = FALSE
	EndGlobalSection
	GlobalSection(ProjectConfigurationPlatforms) = postSolution
		{4016F3ED-20EA-49B2-AD6E-DB9CEED18FFC}.Debug|Any CPU.ActiveCfg = Debug|Any CPU
		{4016F3ED-20EA-49B2-AD6E-DB9CEED18FFC}.Debug|Any CPU.Build.0 = Debug|Any CPU
		{4016F3ED-20EA-49B2-AD6E-DB9CEED18FFC}.Release|Any CPU.ActiveCfg = Release|Any CPU
		{4016F3ED-20EA-49B2-AD6E-DB9CEED18FFC}.Release|Any CPU.Build.0 = Release|Any CPU
		{C6AB585D-EEDA-4DF1-9146-96A70A85E455}.Debug|Any CPU.ActiveCfg = Debug|Any CPU
		{C6AB585D-EEDA-4DF1-9146-96A70A85E455}.Debug|Any CPU.Build.0 = Debug|Any CPU
		{C6AB585D-EEDA-4DF1-9146-96A70A85E455}.Release|Any CPU.ActiveCfg = Release|Any CPU
		{C6AB585D-EEDA-4DF1-9146-96A70A85E455}.Release|Any CPU.Build.0 = Release|Any CPU
	EndGlobalSection
EndGlobal
